{
  "name": "OpenDevin",
  "lockfileVersion": 3,
  "requires": true,
  "packages": {
    "": {
      "dependencies": {
        "react-highlight": "^0.15.0"
      },
      "devDependencies": {
        "@types/react-highlight": "^0.12.8"
      }
    },
    "node_modules/@types/prop-types": {
      "version": "15.7.12",
      "resolved": "https://registry.npmjs.org/@types/prop-types/-/prop-types-15.7.12.tgz",
      "integrity": "sha512-5zvhXYtRNRluoE/jAp4GVsSduVUzNWKkOZrCDBWYtE7biZywwdC2AcEzg+cSMLFRfVgeAFqpfNabiPjxFddV1Q==",
      "dev": true
    },
    "node_modules/@types/react": {
      "version": "18.2.79",
      "resolved": "https://registry.npmjs.org/@types/react/-/react-18.2.79.tgz",
      "integrity": "sha512-RwGAGXPl9kSXwdNTafkOEuFrTBD5SA2B3iEB96xi8+xu5ddUa/cpvyVCSNn+asgLCTHkb5ZxN8gbuibYJi4s1w==",
      "dev": true,
      "dependencies": {
        "@types/prop-types": "*",
        "csstype": "^3.0.2"
      }
    },
    "node_modules/@types/react-highlight": {
      "version": "0.12.8",
      "resolved": "https://registry.npmjs.org/@types/react-highlight/-/react-highlight-0.12.8.tgz",
      "integrity": "sha512-V7O7zwXUw8WSPd//YUO8sz489J/EeobJljASGhP0rClrvq+1Y1qWEpToGu+Pp7YuChxhAXSgkLkrOYpZX5A62g==",
      "dev": true,
      "dependencies": {
        "@types/react": "*"
      }
    },
    "node_modules/csstype": {
      "version": "3.1.3",
      "resolved": "https://registry.npmjs.org/csstype/-/csstype-3.1.3.tgz",
      "integrity": "sha512-M1uQkMl8rQK/szD0LNhtqxIPLpimGm8sOBwU7lLnCpSbTyY3yeU1Vc7l4KT5zT4s/yOxHH5O7tIuuLOCnLADRw==",
      "dev": true
    },
    "node_modules/highlight.js": {
      "version": "10.7.3",
      "resolved": "https://registry.npmjs.org/highlight.js/-/highlight.js-10.7.3.tgz",
      "integrity": "sha512-tzcUFauisWKNHaRkN4Wjl/ZA07gENAjFl3J/c480dprkGTg5EQstgaNFqBfUqCq54kZRIEcreTsAgF/m2quD7A==",
      "engines": {
        "node": "*"
      }
    },
    "node_modules/react-highlight": {
      "version": "0.15.0",
      "resolved": "https://registry.npmjs.org/react-highlight/-/react-highlight-0.15.0.tgz",
      "integrity": "sha512-5uV/b/N4Z421GSVVe05fz+OfTsJtFzx/fJBdafZyw4LS70XjIZwgEx3Lrkfc01W/RzZ2Dtfb0DApoaJFAIKBtA==",
      "dependencies": {
        "highlight.js": "^10.5.0"
      }
    }
  }
}
