{
  "name": "openhands-vscode",
  "version": "0.0.1",
  "lockfileVersion": 3,
  "requires": true,
  "packages": {
    "": {
      "name": "openhands-vscode",
      "version": "0.0.1",
      "devDependencies": {
        "@types/vscode": "^1.80.0",
        "typescript": "^5.0.0"
      },
      "engines": {
        "vscode": "^1.80.0"
      }
    },
    "node_modules/@types/vscode": {
      "version": "1.100.0",
      "resolved": "https://registry.npmjs.org/@types/vscode/-/vscode-1.100.0.tgz",
      "integrity": "sha512-4uNyvzHoraXEeCamR3+fzcBlh7Afs4Ifjs4epINyUX/jvdk0uzLnwiDY35UKDKnkCHP5Nu3dljl2H8lR6s+rQw==",
      "dev": true,
      "license": "MIT"
    },
    "node_modules/typescript": {
      "version": "5.8.3",
      "resolved": "https://registry.npmjs.org/typescript/-/typescript-5.8.3.tgz",
      "integrity": "sha512-p1diW6TqL9L07nNxvRMM7hMMw4c5XOo/1ibL4aAIGmSAt9slTE1Xgw5KWuof2uTOvCg9BY7ZRi+GaF+7sfgPeQ==",
      "dev": true,
      "license": "Apache-2.0",
      "bin": {
        "tsc": "bin/tsc",
        "tsserver": "bin/tsserver"
      },
      "engines": {
        "node": ">=14.17"
      }
    }
  }
}
